NODE_IMAGE=node:24.19.0-bookworm-slim@sha256:3638d9a6fe4030bd716be989438248074489337ba3275657f93595428be4fc03
DEBIAN_IMAGE=debian:12.15-slim@sha256:abd67ffcfa541b485a3dff59865ab629aa048a6c613e639d36e7456b0b229241
CLAMAV_IMAGE=clamav/clamav:1.5.4@sha256:15167977085b01d083812d42aa70d390c2e3fcaaf647dfe82a47328fa6d48c9c
NGINX_IMAGE=nginx:1.22.1@sha256:fc5f5fb7574755c306aaf88456ebfbe0b006420a184d52b923d2f0197108f6b7
